
Microsoft Visual Studio Solution File, Format Version 12.00
# Visual Studio Version 17
VisualStudioVersion = 17.0.31903.59
MinimumVisualStudioVersion = 10.0.40219.1
Project("{FAE04EC0-301F-11D3-BF4B-00C04F79EFBC}") = "ja_projekt", "ja_projekt.csproj", "{6462CD1F-7E3A-4D45-A13B-2F8C1B62846E}"
	ProjectSection(ProjectDependencies) = postProject
		{6B6C2617-46CC-459E-845C-59BD2162FAC5} = {6B6C2617-46CC-459E-845C-59BD2162FAC5}
		{E8E8DE3F-AE1B-4D79-A43C-68B63229F3A3} = {E8E8DE3F-AE1B-4D79-A43C-68B63229F3A3}
	EndProjectSection
EndProject
Project("{8BC9CEB8-8B4A-11D0-8D11-00A0C91BC942}") = "jaLibC", "..\jaLib\jaLib.vcxproj", "{6B6C2617-46CC-459E-845C-59BD2162FAC5}"
EndProject
Project("{8BC9CEB8-8B4A-11D0-8D11-00A0C91BC942}") = "jaLibASM", "..\jaLibASM\jaLibASM.vcxproj", "{E8E8DE3F-AE1B-4D79-A43C-68B63229F3A3}"
EndProject
Project("{8BC9CEB8-8B4A-11D0-8D11-00A0C91BC942}") = "ja_suplier", "..\ja_suplier\ja_suplier.vcxproj", "{64B1E5BD-F6BB-4017-A5EE-7DA81B84ADC9}"
EndProject
Global
	GlobalSection(SolutionConfigurationPlatforms) = preSolution
		Debug|Any CPU = Debug|Any CPU
		Debug|x64 = Debug|x64
		Debug|x86 = Debug|x86
		Release|Any CPU = Release|Any CPU
		Release|x64 = Release|x64
		Release|x86 = Release|x86
	EndGlobalSection
	GlobalSection(ProjectConfigurationPlatforms) = postSolution
		{6462CD1F-7E3A-4D45-A13B-2F8C1B62846E}.Debug|Any CPU.ActiveCfg = Debug|Any CPU
		{6462CD1F-7E3A-4D45-A13B-2F8C1B62846E}.Debug|Any CPU.Build.0 = Debug|Any CPU
		{6462CD1F-7E3A-4D45-A13B-2F8C1B62846E}.Debug|x64.ActiveCfg = Debug|x64
		{6462CD1F-7E3A-4D45-A13B-2F8C1B62846E}.Debug|x64.Build.0 = Debug|x64
		{6462CD1F-7E3A-4D45-A13B-2F8C1B62846E}.Debug|x86.ActiveCfg = Debug|Any CPU
		{6462CD1F-7E3A-4D45-A13B-2F8C1B62846E}.Debug|x86.Build.0 = Debug|Any CPU
		{6462CD1F-7E3A-4D45-A13B-2F8C1B62846E}.Release|Any CPU.ActiveCfg = Release|Any CPU
		{6462CD1F-7E3A-4D45-A13B-2F8C1B62846E}.Release|Any CPU.Build.0 = Release|Any CPU
		{6462CD1F-7E3A-4D45-A13B-2F8C1B62846E}.Release|x64.ActiveCfg = Release|x64
		{6462CD1F-7E3A-4D45-A13B-2F8C1B62846E}.Release|x64.Build.0 = Release|x64
		{6462CD1F-7E3A-4D45-A13B-2F8C1B62846E}.Release|x86.ActiveCfg = Release|Any CPU
		{6462CD1F-7E3A-4D45-A13B-2F8C1B62846E}.Release|x86.Build.0 = Release|Any CPU
		{6B6C2617-46CC-459E-845C-59BD2162FAC5}.Debug|Any CPU.ActiveCfg = Debug|x64
		{6B6C2617-46CC-459E-845C-59BD2162FAC5}.Debug|Any CPU.Build.0 = Debug|x64
		{6B6C2617-46CC-459E-845C-59BD2162FAC5}.Debug|x64.ActiveCfg = Debug|x64
		{6B6C2617-46CC-459E-845C-59BD2162FAC5}.Debug|x64.Build.0 = Debug|x64
		{6B6C2617-46CC-459E-845C-59BD2162FAC5}.Debug|x86.ActiveCfg = Debug|Win32
		{6B6C2617-46CC-459E-845C-59BD2162FAC5}.Debug|x86.Build.0 = Debug|Win32
		{6B6C2617-46CC-459E-845C-59BD2162FAC5}.Release|Any CPU.ActiveCfg = Release|x64
		{6B6C2617-46CC-459E-845C-59BD2162FAC5}.Release|Any CPU.Build.0 = Release|x64
		{6B6C2617-46CC-459E-845C-59BD2162FAC5}.Release|x64.ActiveCfg = Release|x64
		{6B6C2617-46CC-459E-845C-59BD2162FAC5}.Release|x64.Build.0 = Release|x64
		{6B6C2617-46CC-459E-845C-59BD2162FAC5}.Release|x86.ActiveCfg = Release|Win32
		{6B6C2617-46CC-459E-845C-59BD2162FAC5}.Release|x86.Build.0 = Release|Win32
		{E8E8DE3F-AE1B-4D79-A43C-68B63229F3A3}.Debug|Any CPU.ActiveCfg = Debug|x64
		{E8E8DE3F-AE1B-4D79-A43C-68B63229F3A3}.Debug|Any CPU.Build.0 = Debug|x64
		{E8E8DE3F-AE1B-4D79-A43C-68B63229F3A3}.Debug|x64.ActiveCfg = Debug|x64
		{E8E8DE3F-AE1B-4D79-A43C-68B63229F3A3}.Debug|x64.Build.0 = Debug|x64
		{E8E8DE3F-AE1B-4D79-A43C-68B63229F3A3}.Debug|x86.ActiveCfg = Debug|Win32
		{E8E8DE3F-AE1B-4D79-A43C-68B63229F3A3}.Debug|x86.Build.0 = Debug|Win32
		{E8E8DE3F-AE1B-4D79-A43C-68B63229F3A3}.Release|Any CPU.ActiveCfg = Release|x64
		{E8E8DE3F-AE1B-4D79-A43C-68B63229F3A3}.Release|Any CPU.Build.0 = Release|x64
		{E8E8DE3F-AE1B-4D79-A43C-68B63229F3A3}.Release|x64.ActiveCfg = Release|x64
		{E8E8DE3F-AE1B-4D79-A43C-68B63229F3A3}.Release|x64.Build.0 = Release|x64
		{E8E8DE3F-AE1B-4D79-A43C-68B63229F3A3}.Release|x86.ActiveCfg = Release|Win32
		{E8E8DE3F-AE1B-4D79-A43C-68B63229F3A3}.Release|x86.Build.0 = Release|Win32
		{64B1E5BD-F6BB-4017-A5EE-7DA81B84ADC9}.Debug|Any CPU.ActiveCfg = Debug|x64
		{64B1E5BD-F6BB-4017-A5EE-7DA81B84ADC9}.Debug|Any CPU.Build.0 = Debug|x64
		{64B1E5BD-F6BB-4017-A5EE-7DA81B84ADC9}.Debug|x64.ActiveCfg = Debug|x64
		{64B1E5BD-F6BB-4017-A5EE-7DA81B84ADC9}.Debug|x64.Build.0 = Debug|x64
		{64B1E5BD-F6BB-4017-A5EE-7DA81B84ADC9}.Debug|x86.ActiveCfg = Debug|Win32
		{64B1E5BD-F6BB-4017-A5EE-7DA81B84ADC9}.Debug|x86.Build.0 = Debug|Win32
		{64B1E5BD-F6BB-4017-A5EE-7DA81B84ADC9}.Release|Any CPU.ActiveCfg = Release|x64
		{64B1E5BD-F6BB-4017-A5EE-7DA81B84ADC9}.Release|Any CPU.Build.0 = Release|x64
		{64B1E5BD-F6BB-4017-A5EE-7DA81B84ADC9}.Release|x64.ActiveCfg = Release|x64
		{64B1E5BD-F6BB-4017-A5EE-7DA81B84ADC9}.Release|x64.Build.0 = Release|x64
		{64B1E5BD-F6BB-4017-A5EE-7DA81B84ADC9}.Release|x86.ActiveCfg = Release|Win32
		{64B1E5BD-F6BB-4017-A5EE-7DA81B84ADC9}.Release|x86.Build.0 = Release|Win32
	EndGlobalSection
	GlobalSection(SolutionProperties) = preSolution
		HideSolutionNode = FALSE
	EndGlobalSection
	GlobalSection(ExtensibilityGlobals) = postSolution
		SolutionGuid = {BC81F1CB-16FE-44B5-9E80-8CADEC90EF8F}
	EndGlobalSection
EndGlobal
